Microsoft Visual Studio Solution File, Format Version 12.00
# Visual Studio Version 16
VisualStudioVersion = 16.0.29503.13
MinimumVisualStudioVersion = 10.0.40219.1
Project("{8BC9CEB8-8B4A-11D0-8D11-00A0C91BC942}") = "D-lay_VST3", "D-lay_VST3.vcxproj", "{B80357B9-D98D-D174-4D71-E2D789E1B43B}"
	ProjectSection(ProjectDependencies) = postProject
		{365EC26E-75CF-EECA-A157-7D8E473269F7} = {365EC26E-75CF-EECA-A157-7D8E473269F7}
	EndProjectSection
EndProject
Project("{8BC9CEB8-8B4A-11D0-8D11-00A0C91BC942}") = "D-lay_SharedCode", "D-lay_SharedCode.vcxproj", "{365EC26E-75CF-EECA-A157-7D8E473269F7}"
EndProject
Global
	GlobalSection(SolutionConfigurationPlatforms) = preSolution
		Debug|Win32 = Debug|Win32
		Debug|x64 = Debug|x64
		Release|Win32 = Release|Win32
		Release|x64 = Release|x64
		Release32|Win32 = Release32|Win32
		Release32|x64 = Release32|x64
	EndGlobalSection
	GlobalSection(ProjectConfigurationPlatforms) = postSolution
		{B80357B9-D98D-D174-4D71-E2D789E1B43B}.Debug|Win32.ActiveCfg = Debug|x64
		{B80357B9-D98D-D174-4D71-E2D789E1B43B}.Debug|x64.ActiveCfg = Debug|x64
		{B80357B9-D98D-D174-4D71-E2D789E1B43B}.Debug|x64.Build.0 = Debug|x64
		{B80357B9-D98D-D174-4D71-E2D789E1B43B}.Release|Win32.ActiveCfg = Release|x64
		{B80357B9-D98D-D174-4D71-E2D789E1B43B}.Release|x64.ActiveCfg = Release|x64
		{B80357B9-D98D-D174-4D71-E2D789E1B43B}.Release|x64.Build.0 = Release|x64
		{B80357B9-D98D-D174-4D71-E2D789E1B43B}.Release32|Win32.ActiveCfg = Release32|Win32
		{B80357B9-D98D-D174-4D71-E2D789E1B43B}.Release32|Win32.Build.0 = Release32|Win32
		{B80357B9-D98D-D174-4D71-E2D789E1B43B}.Release32|x64.ActiveCfg = Release32|Win32
		{365EC26E-75CF-EECA-A157-7D8E473269F7}.Debug|Win32.ActiveCfg = Debug|x64
		{365EC26E-75CF-EECA-A157-7D8E473269F7}.Debug|x64.ActiveCfg = Debug|x64
		{365EC26E-75CF-EECA-A157-7D8E473269F7}.Debug|x64.Build.0 = Debug|x64
		{365EC26E-75CF-EECA-A157-7D8E473269F7}.Release|Win32.ActiveCfg = Release|x64
		{365EC26E-75CF-EECA-A157-7D8E473269F7}.Release|x64.ActiveCfg = Release|x64
		{365EC26E-75CF-EECA-A157-7D8E473269F7}.Release|x64.Build.0 = Release|x64
		{365EC26E-75CF-EECA-A157-7D8E473269F7}.Release32|Win32.ActiveCfg = Release32|Win32
		{365EC26E-75CF-EECA-A157-7D8E473269F7}.Release32|Win32.Build.0 = Release32|Win32
		{365EC26E-75CF-EECA-A157-7D8E473269F7}.Release32|x64.ActiveCfg = Release32|Win32
	EndGlobalSection
	GlobalSection(SolutionProperties) = preSolution
		HideSolutionNode = FALSE
	EndGlobalSection
	GlobalSection(ExtensibilityGlobals) = postSolution
		SolutionGuid = {448E7462-838E-4E61-8D7C-DE68FE723F34}
	EndGlobalSection
EndGlobal
